// !$*UTF8*$!
{
	archiveVersion = 1;
	classes = {
	};
	objectVersion = 48;
	objects = {

/* Begin PBXBuildFile section */
		745933E7200C26F900E6820D /* UserDefault.swift in Sources */ = {isa = PBXBuildFile; fileRef = 745933E6200C26F900E6820D /* UserDefault.swift */; };
		74683BBA2005DFAD002398C0 /* AppDelegate.swift in Sources */ = {isa = PBXBuildFile; fileRef = 74683BB92005DFAD002398C0 /* AppDelegate.swift */; };
		74683BBC2005DFAD002398C0 /* ViewController.swift in Sources */ = {isa = PBXBuildFile; fileRef = 74683BBB2005DFAD002398C0 /* ViewController.swift */; };
		74683BBF2005DFAD002398C0 /* Main.storyboard in Resources */ = {isa = PBXBuildFile; fileRef = 74683BBD2005DFAD002398C0 /* Main.storyboard */; };
		74683BC12005DFAD002398C0 /* Assets.xcassets in Resources */ = {isa = PBXBuildFile; fileRef = 74683BC02005DFAD002398C0 /* Assets.xcassets */; };
		74683BC42005DFAD002398C0 /* LaunchScreen.storyboard in Resources */ = {isa = PBXBuildFile; fileRef = 74683BC22005DFAD002398C0 /* LaunchScreen.storyboard */; };
		74683BCF2005DFAD002398C0 /* CameraDemoTests.swift in Sources */ = {isa = PBXBuildFile; fileRef = 74683BCE2005DFAD002398C0 /* CameraDemoTests.swift */; };
		74683BDA2005DFAD002398C0 /* CameraDemoUITests.swift in Sources */ = {isa = PBXBuildFile; fileRef = 74683BD92005DFAD002398C0 /* CameraDemoUITests.swift */; };
		74683BE92005F37E002398C0 /* CameraViewController.swift in Sources */ = {isa = PBXBuildFile; fileRef = 74683BE72005F37E002398C0 /* CameraViewController.swift */; };
		748FC27F20073C270050467E /* ARVideoKit.framework in Frameworks */ = {isa = PBXBuildFile; fileRef = 748FC27E20073C270050467E /* ARVideoKit.framework */; };
		748FC281200742060050467E /* ARVideoKit.framework in Embed Frameworks */ = {isa = PBXBuildFile; fileRef = 748FC27E20073C270050467E /* ARVideoKit.framework */; settings = {ATTRIBUTES = (CodeSignOnCopy, RemoveHeadersOnCopy, ); }; };
		748FC28A2008420E0050467E /* DetailedModelController.swift in Sources */ = {isa = PBXBuildFile; fileRef = 748FC2892008420E0050467E /* DetailedModelController.swift */; };
		748FC28F200884B00050467E /* CommonCollectionViewCell.swift in Sources */ = {isa = PBXBuildFile; fileRef = 748FC28D200884B00050467E /* CommonCollectionViewCell.swift */; };
		748FC290200884B00050467E /* CommonCollectionViewCell.xib in Resources */ = {isa = PBXBuildFile; fileRef = 748FC28E200884B00050467E /* CommonCollectionViewCell.xib */; };
/* End PBXBuildFile section */

/* Begin PBXContainerItemProxy section */
		74683BCB2005DFAD002398C0 /* PBXContainerItemProxy */ = {
			isa = PBXContainerItemProxy;
			containerPortal = 74683BAE2005DFAD002398C0 /* Project object */;
			proxyType = 1;
			remoteGlobalIDString = 74683BB52005DFAD002398C0;
			remoteInfo = CameraDemo;
		};
		74683BD62005DFAD002398C0 /* PBXContainerItemProxy */ = {
			isa = PBXContainerItemProxy;
			containerPortal = 74683BAE2005DFAD002398C0 /* Project object */;
			proxyType = 1;
			remoteGlobalIDString = 74683BB52005DFAD002398C0;
			remoteInfo = CameraDemo;
		};
/* End PBXContainerItemProxy section */

/* Begin PBXCopyFilesBuildPhase section */
		748FC282200742060050467E /* Embed Frameworks */ = {
			isa = PBXCopyFilesBuildPhase;
			buildActionMask = 2147483647;
			dstPath = "";
			dstSubfolderSpec = 10;
			files = (
				748FC281200742060050467E /* ARVideoKit.framework in Embed Frameworks */,
			);
			name = "Embed Frameworks";
			runOnlyForDeploymentPostprocessing = 0;
		};
/* End PBXCopyFilesBuildPhase section */

/* Begin PBXFileReference section */
		745933E6200C26F900E6820D /* UserDefault.swift */ = {isa = PBXFileReference; lastKnownFileType = sourcecode.swift; path = UserDefault.swift; sourceTree = "<group>"; };
		74683BB62005DFAD002398C0 /* CameraDemo.app */ = {isa = PBXFileReference; explicitFileType = wrapper.application; includeInIndex = 0; path = CameraDemo.app; sourceTree = BUILT_PRODUCTS_DIR; };
		74683BB92005DFAD002398C0 /* AppDelegate.swift */ = {isa = PBXFileReference; lastKnownFileType = sourcecode.swift; path = AppDelegate.swift; sourceTree = "<group>"; };
		74683BBB2005DFAD002398C0 /* ViewController.swift */ = {isa = PBXFileReference; lastKnownFileType = sourcecode.swift; path = ViewController.swift; sourceTree = "<group>"; };
		74683BBE2005DFAD002398C0 /* Base */ = {isa = PBXFileReference; lastKnownFileType = file.storyboard; name = Base; path = Base.lproj/Main.storyboard; sourceTree = "<group>"; };
		74683BC02005DFAD002398C0 /* Assets.xcassets */ = {isa = PBXFileReference; lastKnownFileType = folder.assetcatalog; path = Assets.xcassets; sourceTree = "<group>"; };
		74683BC32005DFAD002398C0 /* Base */ = {isa = PBXFileReference; lastKnownFileType = file.storyboard; name = Base; path = Base.lproj/LaunchScreen.storyboard; sourceTree = "<group>"; };
		74683BC52005DFAD002398C0 /* Info.plist */ = {isa = PBXFileReference; lastKnownFileType = text.plist.xml; path = Info.plist; sourceTree = "<group>"; };
		74683BCA2005DFAD002398C0 /* CameraDemoTests.xctest */ = {isa = PBXFileReference; explicitFileType = wrapper.cfbundle; includeInIndex = 0; path = CameraDemoTests.xctest; sourceTree = BUILT_PRODUCTS_DIR; };
		74683BCE2005DFAD002398C0 /* CameraDemoTests.swift */ = {isa = PBXFileReference; lastKnownFileType = sourcecode.swift; path = CameraDemoTests.swift; sourceTree = "<group>"; };
		74683BD02005DFAD002398C0 /* Info.plist */ = {isa = PBXFileReference; lastKnownFileType = text.plist.xml; path = Info.plist; sourceTree = "<group>"; };
		74683BD52005DFAD002398C0 /* CameraDemoUITests.xctest */ = {isa = PBXFileReference; explicitFileType = wrapper.cfbundle; includeInIndex = 0; path = CameraDemoUITests.xctest; sourceTree = BUILT_PRODUCTS_DIR; };
		74683BD92005DFAD002398C0 /* CameraDemoUITests.swift */ = {isa = PBXFileReference; lastKnownFileType = sourcecode.swift; path = CameraDemoUITests.swift; sourceTree = "<group>"; };
		74683BDB2005DFAD002398C0 /* Info.plist */ = {isa = PBXFileReference; lastKnownFileType = text.plist.xml; path = Info.plist; sourceTree = "<group>"; };
		74683BE72005F37E002398C0 /* CameraViewController.swift */ = {isa = PBXFileReference; lastKnownFileType = sourcecode.swift; path = CameraViewController.swift; sourceTree = "<group>"; };
		748FC27E20073C270050467E /* ARVideoKit.framework */ = {isa = PBXFileReference; lastKnownFileType = wrapper.framework; path = ARVideoKit.framework; sourceTree = "<group>"; };
		748FC2892008420E0050467E /* DetailedModelController.swift */ = {isa = PBXFileReference; lastKnownFileType = sourcecode.swift; path = DetailedModelController.swift; sourceTree = "<group>"; };
		748FC28D200884B00050467E /* CommonCollectionViewCell.swift */ = {isa = PBXFileReference; lastKnownFileType = sourcecode.swift; path = CommonCollectionViewCell.swift; sourceTree = "<group>"; };
		748FC28E200884B00050467E /* CommonCollectionViewCell.xib */ = {isa = PBXFileReference; lastKnownFileType = file.xib; path = CommonCollectionViewCell.xib; sourceTree = "<group>"; };
/* End PBXFileReference section */

/* Begin PBXFrameworksBuildPhase section */
		74683BB32005DFAD002398C0 /* Frameworks */ = {
			isa = PBXFrameworksBuildPhase;
			buildActionMask = 2147483647;
			files = (
				748FC27F20073C270050467E /* ARVideoKit.framework in Frameworks */,
			);
			runOnlyForDeploymentPostprocessing = 0;
		};
		74683BC72005DFAD002398C0 /* Frameworks */ = {
			isa = PBXFrameworksBuildPhase;
			buildActionMask = 2147483647;
			files = (
			);
			runOnlyForDeploymentPostprocessing = 0;
		};
		74683BD22005DFAD002398C0 /* Frameworks */ = {
			isa = PBXFrameworksBuildPhase;
			buildActionMask = 2147483647;
			files = (
			);
			runOnlyForDeploymentPostprocessing = 0;
		};
/* End PBXFrameworksBuildPhase section */

/* Begin PBXGroup section */
		74683BAD2005DFAD002398C0 = {
			isa = PBXGroup;
			children = (
				74683BB82005DFAD002398C0 /* CameraDemo */,
				74683BCD2005DFAD002398C0 /* CameraDemoTests */,
				74683BD82005DFAD002398C0 /* CameraDemoUITests */,
				74683BB72005DFAD002398C0 /* Products */,
			);
			sourceTree = "<group>";
		};
		74683BB72005DFAD002398C0 /* Products */ = {
			isa = PBXGroup;
			children = (
				74683BB62005DFAD002398C0 /* CameraDemo.app */,
				74683BCA2005DFAD002398C0 /* CameraDemoTests.xctest */,
				74683BD52005DFAD002398C0 /* CameraDemoUITests.xctest */,
			);
			name = Products;
			sourceTree = "<group>";
		};
		74683BB82005DFAD002398C0 /* CameraDemo */ = {
			isa = PBXGroup;
			children = (
				748FC27E20073C270050467E /* ARVideoKit.framework */,
				74683BB92005DFAD002398C0 /* AppDelegate.swift */,
				74683BBB2005DFAD002398C0 /* ViewController.swift */,
				745933E6200C26F900E6820D /* UserDefault.swift */,
				748FC2892008420E0050467E /* DetailedModelController.swift */,
				74683BE72005F37E002398C0 /* CameraViewController.swift */,
				748FC28D200884B00050467E /* CommonCollectionViewCell.swift */,
				748FC28E200884B00050467E /* CommonCollectionViewCell.xib */,
				74683BBD2005DFAD002398C0 /* Main.storyboard */,
				74683BC02005DFAD002398C0 /* Assets.xcassets */,
				74683BC22005DFAD002398C0 /* LaunchScreen.storyboard */,
				74683BC52005DFAD002398C0 /* Info.plist */,
			);
			path = CameraDemo;
			sourceTree = "<group>";
		};
		74683BCD2005DFAD002398C0 /* CameraDemoTests */ = {
			isa = PBXGroup;
			children = (
				74683BCE2005DFAD002398C0 /* CameraDemoTests.swift */,
				74683BD02005DFAD002398C0 /* Info.plist */,
			);
			path = CameraDemoTests;
			sourceTree = "<group>";
		};
		74683BD82005DFAD002398C0 /* CameraDemoUITests */ = {
			isa = PBXGroup;
			children = (
				74683BD92005DFAD002398C0 /* CameraDemoUITests.swift */,
				74683BDB2005DFAD002398C0 /* Info.plist */,
			);
			path = CameraDemoUITests;
			sourceTree = "<group>";
		};
/* End PBXGroup section */

/* Begin PBXNativeTarget section */
		74683BB52005DFAD002398C0 /* CameraDemo */ = {
			isa = PBXNativeTarget;
			buildConfigurationList = 74683BDE2005DFAD002398C0 /* Build configuration list for PBXNativeTarget "CameraDemo" */;
			buildPhases = (
				74683BB22005DFAD002398C0 /* Sources */,
				74683BB32005DFAD002398C0 /* Frameworks */,
				74683BB42005DFAD002398C0 /* Resources */,
				748FC282200742060050467E /* Embed Frameworks */,
			);
			buildRules = (
			);
			dependencies = (
			);
			name = CameraDemo;
			productName = CameraDemo;
			productReference = 74683BB62005DFAD002398C0 /* CameraDemo.app */;
			productType = "com.apple.product-type.application";
		};
		74683BC92005DFAD002398C0 /* CameraDemoTests */ = {
			isa = PBXNativeTarget;
			buildConfigurationList = 74683BE12005DFAD002398C0 /* Build configuration list for PBXNativeTarget "CameraDemoTests" */;
			buildPhases = (
				74683BC62005DFAD002398C0 /* Sources */,
				74683BC72005DFAD002398C0 /* Frameworks */,
				74683BC82005DFAD002398C0 /* Resources */,
			);
			buildRules = (
			);
			dependencies = (
				74683BCC2005DFAD002398C0 /* PBXTargetDependency */,
			);
			name = CameraDemoTests;
			productName = CameraDemoTests;
			productReference = 74683BCA2005DFAD002398C0 /* CameraDemoTests.xctest */;
			productType = "com.apple.product-type.bundle.unit-test";
		};
		74683BD42005DFAD002398C0 /* CameraDemoUITests */ = {
			isa = PBXNativeTarget;
			buildConfigurationList = 74683BE42005DFAD002398C0 /* Build configuration list for PBXNativeTarget "CameraDemoUITests" */;
			buildPhases = (
				74683BD12005DFAD002398C0 /* Sources */,
				74683BD22005DFAD002398C0 /* Frameworks */,
				74683BD32005DFAD002398C0 /* Resources */,
			);
			buildRules = (
			);
			dependencies = (
				74683BD72005DFAD002398C0 /* PBXTargetDependency */,
			);
			name = CameraDemoUITests;
			productName = CameraDemoUITests;
			productReference = 74683BD52005DFAD002398C0 /* CameraDemoUITests.xctest */;
			productType = "com.apple.product-type.bundle.ui-testing";
		};
/* End PBXNativeTarget section */

/* Begin PBXProject section */
		74683BAE2005DFAD002398C0 /* Project object */ = {
			isa = PBXProject;
			attributes = {
				LastSwiftUpdateCheck = 0920;
				LastUpgradeCheck = 0920;
				ORGANIZATIONNAME = penggege.CP;
				TargetAttributes = {
					74683BB52005DFAD002398C0 = {
						CreatedOnToolsVersion = 9.2;
						ProvisioningStyle = Automatic;
					};
					74683BC92005DFAD002398C0 = {
						CreatedOnToolsVersion = 9.2;
						ProvisioningStyle = Automatic;
						TestTargetID = 74683BB52005DFAD002398C0;
					};
					74683BD42005DFAD002398C0 = {
						CreatedOnToolsVersion = 9.2;
						ProvisioningStyle = Automatic;
						TestTargetID = 74683BB52005DFAD002398C0;
					};
				};
			};
			buildConfigurationList = 74683BB12005DFAD002398C0 /* Build configuration list for PBXProject "CameraDemo" */;
			compatibilityVersion = "Xcode 8.0";
			developmentRegion = en;
			hasScannedForEncodings = 0;
			knownRegions = (
				en,
				Base,
			);
			mainGroup = 74683BAD2005DFAD002398C0;
			productRefGroup = 74683BB72005DFAD002398C0 /* Products */;
			projectDirPath = "";
			projectRoot = "";
			targets = (
				74683BB52005DFAD002398C0 /* CameraDemo */,
				74683BC92005DFAD002398C0 /* CameraDemoTests */,
				74683BD42005DFAD002398C0 /* CameraDemoUITests */,
			);
		};
/* End PBXProject section */

/* Begin PBXResourcesBuildPhase section */
		74683BB42005DFAD002398C0 /* Resources */ = {
			isa = PBXResourcesBuildPhase;
			buildActionMask = 2147483647;
			files = (
				74683BC42005DFAD002398C0 /* LaunchScreen.storyboard in Resources */,
				74683BC12005DFAD002398C0 /* Assets.xcassets in Resources */,
				748FC290200884B00050467E /* CommonCollectionViewCell.xib in Resources */,
				74683BBF2005DFAD002398C0 /* Main.storyboard in Resources */,
			);
			runOnlyForDeploymentPostprocessing = 0;
		};
		74683BC82005DFAD002398C0 /* Resources */ = {
			isa = PBXResourcesBuildPhase;
			buildActionMask = 2147483647;
			files = (
			);
			runOnlyForDeploymentPostprocessing = 0;
		};
		74683BD32005DFAD002398C0 /* Resources */ = {
			isa = PBXResourcesBuildPhase;
			buildActionMask = 2147483647;
			files = (
			);
			runOnlyForDeploymentPostprocessing = 0;
		};
/* End PBXResourcesBuildPhase section */

/* Begin PBXSourcesBuildPhase section */
		74683BB22005DFAD002398C0 /* Sources */ = {
			isa = PBXSourcesBuildPhase;
			buildActionMask = 2147483647;
			files = (
				74683BBC2005DFAD002398C0 /* ViewController.swift in Sources */,
				748FC28A2008420E0050467E /* DetailedModelController.swift in Sources */,
				745933E7200C26F900E6820D /* UserDefault.swift in Sources */,
				74683BBA2005DFAD002398C0 /* AppDelegate.swift in Sources */,
				74683BE92005F37E002398C0 /* CameraViewController.swift in Sources */,
				748FC28F200884B00050467E /* CommonCollectionViewCell.swift in Sources */,
			);
			runOnlyForDeploymentPostprocessing = 0;
		};
		74683BC62005DFAD002398C0 /* Sources */ = {
			isa = PBXSourcesBuildPhase;
			buildActionMask = 2147483647;
			files = (
				74683BCF2005DFAD002398C0 /* CameraDemoTests.swift in Sources */,
			);
			runOnlyForDeploymentPostprocessing = 0;
		};
		74683BD12005DFAD002398C0 /* Sources */ = {
			isa = PBXSourcesBuildPhase;
			buildActionMask = 2147483647;
			files = (
				74683BDA2005DFAD002398C0 /* CameraDemoUITests.swift in Sources */,
			);
			runOnlyForDeploymentPostprocessing = 0;
		};
/* End PBXSourcesBuildPhase section */

/* Begin PBXTargetDependency section */
		74683BCC2005DFAD002398C0 /* PBXTargetDependency */ = {
			isa = PBXTargetDependency;
			target = 74683BB52005DFAD002398C0 /* CameraDemo */;
			targetProxy = 74683BCB2005DFAD002398C0 /* PBXContainerItemProxy */;
		};
		74683BD72005DFAD002398C0 /* PBXTargetDependency */ = {
			isa = PBXTargetDependency;
			target = 74683BB52005DFAD002398C0 /* CameraDemo */;
			targetProxy = 74683BD62005DFAD002398C0 /* PBXContainerItemProxy */;
		};
/* End PBXTargetDependency section */

/* Begin PBXVariantGroup section */
		74683BBD2005DFAD002398C0 /* Main.storyboard */ = {
			isa = PBXVariantGroup;
			children = (
				74683BBE2005DFAD002398C0 /* Base */,
			);
			name = Main.storyboard;
			sourceTree = "<group>";
		};
		74683BC22005DFAD002398C0 /* LaunchScreen.storyboard */ = {
			isa = PBXVariantGroup;
			children = (
				74683BC32005DFAD002398C0 /* Base */,
			);
			name = LaunchScreen.storyboard;
			sourceTree = "<group>";
		};
/* End PBXVariantGroup section */

/* Begin XCBuildConfiguration section */
		74683BDC2005DFAD002398C0 /* Debug */ = {
			isa = XCBuildConfiguration;
			buildSettings = {
				ALWAYS_SEARCH_USER_PATHS = NO;
				CLANG_ANALYZER_NONNULL = YES;
				CLANG_ANALYZER_NUMBER_OBJECT_CONVERSION = YES_AGGRESSIVE;
				CLANG_CXX_LANGUAGE_STANDARD = "gnu++14";
				CLANG_CXX_LIBRARY = "libc++";
				CLANG_ENABLE_MODULES = YES;
				CLANG_ENABLE_OBJC_ARC = YES;
				CLANG_WARN_BLOCK_CAPTURE_AUTORELEASING = YES;
				CLANG_WARN_BOOL_CONVERSION = YES;
				CLANG_WARN_COMMA = YES;
				CLANG_WARN_CONSTANT_CONVERSION = YES;
				CLANG_WARN_DIRECT_OBJC_ISA_USAGE = YES_ERROR;
				CLANG_WARN_DOCUMENTATION_COMMENTS = YES;
				CLANG_WARN_EMPTY_BODY = YES;
				CLANG_WARN_ENUM_CONVERSION = YES;
				CLANG_WARN_INFINITE_RECURSION = YES;
				CLANG_WARN_INT_CONVERSION = YES;
				CLANG_WARN_NON_LITERAL_NULL_CONVERSION = YES;
				CLANG_WARN_OBJC_LITERAL_CONVERSION = YES;
				CLANG_WARN_OBJC_ROOT_CLASS = YES_ERROR;
				CLANG_WARN_RANGE_LOOP_ANALYSIS = YES;
				CLANG_WARN_STRICT_PROTOTYPES = YES;
				CLANG_WARN_SUSPICIOUS_MOVE = YES;
				CLANG_WARN_UNGUARDED_AVAILABILITY = YES_AGGRESSIVE;
				CLANG_WARN_UNREACHABLE_CODE = YES;
				CLANG_WARN__DUPLICATE_METHOD_MATCH = YES;
				CODE_SIGN_IDENTITY = "iPhone Developer";
				COPY_PHASE_STRIP = NO;
				DEBUG_INFORMATION_FORMAT = dwarf;
				ENABLE_STRICT_OBJC_MSGSEND = YES;
				ENABLE_TESTABILITY = YES;
				GCC_C_LANGUAGE_STANDARD = gnu11;
				GCC_DYNAMIC_NO_PIC = NO;
				GCC_NO_COMMON_BLOCKS = YES;
				GCC_OPTIMIZATION_LEVEL = 0;
				GCC_PREPROCESSOR_DEFINITIONS = (
					"DEBUG=1",
					"$(inherited)",
				);
				GCC_WARN_64_TO_32_BIT_CONVERSION = YES;
				GCC_WARN_ABOUT_RETURN_TYPE = YES_ERROR;
				GCC_WARN_UNDECLARED_SELECTOR = YES;
				GCC_WARN_UNINITIALIZED_AUTOS = YES_AGGRESSIVE;
				GCC_WARN_UNUSED_FUNCTION = YES;
				GCC_WARN_UNUSED_VARIABLE = YES;
				IPHONEOS_DEPLOYMENT_TARGET = 11.2;
				MTL_ENABLE_DEBUG_INFO = YES;
				ONLY_ACTIVE_ARCH = YES;
				SDKROOT = iphoneos;
				SWIFT_ACTIVE_COMPILATION_CONDITIONS = DEBUG;
				SWIFT_OPTIMIZATION_LEVEL = "-Onone";
			};
			name = Debug;
		};
		74683BDD2005DFAD002398C0 /* Release */ = {
			isa = XCBuildConfiguration;
			buildSettings = {
				ALWAYS_SEARCH_USER_PATHS = NO;
				CLANG_ANALYZER_NONNULL = YES;
				CLANG_ANALYZER_NUMBER_OBJECT_CONVERSION = YES_AGGRESSIVE;
				CLANG_CXX_LANGUAGE_STANDARD = "gnu++14";
				CLANG_CXX_LIBRARY = "libc++";
				CLANG_ENABLE_MODULES = YES;
				CLANG_ENABLE_OBJC_ARC = YES;
				CLANG_WARN_BLOCK_CAPTURE_AUTORELEASING = YES;
				CLANG_WARN_BOOL_CONVERSION = YES;
				CLANG_WARN_COMMA = YES;
				CLANG_WARN_CONSTANT_CONVERSION = YES;
				CLANG_WARN_DIRECT_OBJC_ISA_USAGE = YES_ERROR;
				CLANG_WARN_DOCUMENTATION_COMMENTS = YES;
				CLANG_WARN_EMPTY_BODY = YES;
				CLANG_WARN_ENUM_CONVERSION = YES;
				CLANG_WARN_INFINITE_RECURSION = YES;
				CLANG_WARN_INT_CONVERSION = YES;
				CLANG_WARN_NON_LITERAL_NULL_CONVERSION = YES;
				CLANG_WARN_OBJC_LITERAL_CONVERSION = YES;
				CLANG_WARN_OBJC_ROOT_CLASS = YES_ERROR;
				CLANG_WARN_RANGE_LOOP_ANALYSIS = YES;
				CLANG_WARN_STRICT_PROTOTYPES = YES;
				CLANG_WARN_SUSPICIOUS_MOVE = YES;
				CLANG_WARN_UNGUARDED_AVAILABILITY = YES_AGGRESSIVE;
				CLANG_WARN_UNREACHABLE_CODE = YES;
				CLANG_WARN__DUPLICATE_METHOD_MATCH = YES;
				CODE_SIGN_IDENTITY = "iPhone Developer";
				COPY_PHASE_STRIP = NO;
				DEBUG_INFORMATION_FORMAT = "dwarf-with-dsym";
				ENABLE_NS_ASSERTIONS = NO;
				ENABLE_STRICT_OBJC_MSGSEND = YES;
				GCC_C_LANGUAGE_STANDARD = gnu11;
				GCC_NO_COMMON_BLOCKS = YES;
				GCC_WARN_64_TO_32_BIT_CONVERSION = YES;
				GCC_WARN_ABOUT_RETURN_TYPE = YES_ERROR;
				GCC_WARN_UNDECLARED_SELECTOR = YES;
				GCC_WARN_UNINITIALIZED_AUTOS = YES_AGGRESSIVE;
				GCC_WARN_UNUSED_FUNCTION = YES;
				GCC_WARN_UNUSED_VARIABLE = YES;
				IPHONEOS_DEPLOYMENT_TARGET = 11.2;
				MTL_ENABLE_DEBUG_INFO = NO;
				SDKROOT = iphoneos;
				SWIFT_OPTIMIZATION_LEVEL = "-Owholemodule";
				VALIDATE_PRODUCT = YES;
			};
			name = Release;
		};
		74683BDF2005DFAD002398C0 /* Debug */ = {
			isa = XCBuildConfiguration;
			buildSettings = {
				ASSETCATALOG_COMPILER_APPICON_NAME = AppIcon;
				CODE_SIGN_STYLE = Automatic;
				DEVELOPMENT_TEAM = M2R4253LC5;
				FRAMEWORK_SEARCH_PATHS = (
					"$(inherited)",
					"$(PROJECT_DIR)/CameraDemo",
				);
				INFOPLIST_FILE = CameraDemo/Info.plist;
				LD_RUNPATH_SEARCH_PATHS = "$(inherited) @executable_path/Frameworks";
				PRODUCT_BUNDLE_IDENTIFIER = com.sytz.penggege.CameraDemo;
				PRODUCT_NAME = "$(TARGET_NAME)";
				SWIFT_VERSION = 4.0;
				TARGETED_DEVICE_FAMILY = "1,2";
			};
			name = Debug;
		};
		74683BE02005DFAD002398C0 /* Release */ = {
			isa = XCBuildConfiguration;
			buildSettings = {
				ASSETCATALOG_COMPILER_APPICON_NAME = AppIcon;
				CODE_SIGN_STYLE = Automatic;
				DEVELOPMENT_TEAM = M2R4253LC5;
				FRAMEWORK_SEARCH_PATHS = (
					"$(inherited)",
					"$(PROJECT_DIR)/CameraDemo",
				);
				INFOPLIST_FILE = CameraDemo/Info.plist;
				LD_RUNPATH_SEARCH_PATHS = "$(inherited) @executable_path/Frameworks";
				PRODUCT_BUNDLE_IDENTIFIER = com.sytz.penggege.CameraDemo;
				PRODUCT_NAME = "$(TARGET_NAME)";
				SWIFT_VERSION = 4.0;
				TARGETED_DEVICE_FAMILY = "1,2";
			};
			name = Release;
		};
		74683BE22005DFAD002398C0 /* Debug */ = {
			isa = XCBuildConfiguration;
			buildSettings = {
				ALWAYS_EMBED_SWIFT_STANDARD_LIBRARIES = YES;
				BUNDLE_LOADER = "$(TEST_HOST)";
				CODE_SIGN_STYLE = Automatic;
				INFOPLIST_FILE = CameraDemoTests/Info.plist;
				LD_RUNPATH_SEARCH_PATHS = "$(inherited) @executable_path/Frameworks @loader_path/Frameworks";
				PRODUCT_BUNDLE_IDENTIFIER = com.penggege.CameraDemoTests;
				PRODUCT_NAME = "$(TARGET_NAME)";
				SWIFT_VERSION = 4.0;
				TARGETED_DEVICE_FAMILY = "1,2";
				TEST_HOST = "$(BUILT_PRODUCTS_DIR)/CameraDemo.app/CameraDemo";
			};
			name = Debug;
		};
		74683BE32005DFAD002398C0 /* Release */ = {
			isa = XCBuildConfiguration;
			buildSettings = {
				ALWAYS_EMBED_SWIFT_STANDARD_LIBRARIES = YES;
				BUNDLE_LOADER = "$(TEST_HOST)";
				CODE_SIGN_STYLE = Automatic;
				INFOPLIST_FILE = CameraDemoTests/Info.plist;
				LD_RUNPATH_SEARCH_PATHS = "$(inherited) @executable_path/Frameworks @loader_path/Frameworks";
				PRODUCT_BUNDLE_IDENTIFIER = com.penggege.CameraDemoTests;
				PRODUCT_NAME = "$(TARGET_NAME)";
				SWIFT_VERSION = 4.0;
				TARGETED_DEVICE_FAMILY = "1,2";
				TEST_HOST = "$(BUILT_PRODUCTS_DIR)/CameraDemo.app/CameraDemo";
			};
			name = Release;
		};
		74683BE52005DFAD002398C0 /* Debug */ = {
			isa = XCBuildConfiguration;
			buildSettings = {
				ALWAYS_EMBED_SWIFT_STANDARD_LIBRARIES = YES;
				CODE_SIGN_STYLE = Automatic;
				INFOPLIST_FILE = CameraDemoUITests/Info.plist;
				LD_RUNPATH_SEARCH_PATHS = "$(inherited) @executable_path/Frameworks @loader_path/Frameworks";
				PRODUCT_BUNDLE_IDENTIFIER = com.penggege.CameraDemoUITests;
				PRODUCT_NAME = "$(TARGET_NAME)";
				SWIFT_VERSION = 4.0;
				TARGETED_DEVICE_FAMILY = "1,2";
				TEST_TARGET_NAME = CameraDemo;
			};
			name = Debug;
		};
		74683BE62005DFAD002398C0 /* Release */ = {
			isa = XCBuildConfiguration;
			buildSettings = {
				ALWAYS_EMBED_SWIFT_STANDARD_LIBRARIES = YES;
				CODE_SIGN_STYLE = Automatic;
				INFOPLIST_FILE = CameraDemoUITests/Info.plist;
				LD_RUNPATH_SEARCH_PATHS = "$(inherited) @executable_path/Frameworks @loader_path/Frameworks";
				PRODUCT_BUNDLE_IDENTIFIER = com.penggege.CameraDemoUITests;
				PRODUCT_NAME = "$(TARGET_NAME)";
				SWIFT_VERSION = 4.0;
				TARGETED_DEVICE_FAMILY = "1,2";
				TEST_TARGET_NAME = CameraDemo;
			};
			name = Release;
		};
/* End XCBuildConfiguration section */

/* Begin XCConfigurationList section */
		74683BB12005DFAD002398C0 /* Build configuration list for PBXProject "CameraDemo" */ = {
			isa = XCConfigurationList;
			buildConfigurations = (
				74683BDC2005DFAD002398C0 /* Debug */,
				74683BDD2005DFAD002398C0 /* Release */,
			);
			defaultConfigurationIsVisible = 0;
			defaultConfigurationName = Release;
		};
		74683BDE2005DFAD002398C0 /* Build configuration list for PBXNativeTarget "CameraDemo" */ = {
			isa = XCConfigurationList;
			buildConfigurations = (
				74683BDF2005DFAD002398C0 /* Debug */,
				74683BE02005DFAD002398C0 /* Release */,
			);
			defaultConfigurationIsVisible = 0;
			defaultConfigurationName = Release;
		};
		74683BE12005DFAD002398C0 /* Build configuration list for PBXNativeTarget "CameraDemoTests" */ = {
			isa = XCConfigurationList;
			buildConfigurations = (
				74683BE22005DFAD002398C0 /* Debug */,
				74683BE32005DFAD002398C0 /* Release */,
			);
			defaultConfigurationIsVisible = 0;
			defaultConfigurationName = Release;
		};
		74683BE42005DFAD002398C0 /* Build configuration list for PBXNativeTarget "CameraDemoUITests" */ = {
			isa = XCConfigurationList;
			buildConfigurations = (
				74683BE52005DFAD002398C0 /* Debug */,
				74683BE62005DFAD002398C0 /* Release */,
			);
			defaultConfigurationIsVisible = 0;
			defaultConfigurationName = Release;
		};
/* End XCConfigurationList section */
	};
	rootObject = 74683BAE2005DFAD002398C0 /* Project object */;
}
